version = 1
revision = 3
requires-python = ">=3.11"

[[package]]
name = "attr"
version = "0.3.2"
source = { registry = "https://pypi.tuna.tsinghua.edu.cn/simple" }
sdist = { url = "https://pypi.tuna.tsinghua.edu.cn/packages/e4/d2/d0a5e36049ec6f72f4951b7f843b359d21e5a208b120618686187234dd1d/attr-0.3.2.tar.gz", hash = "sha256:1ceebca768181cdcce9827611b1d728e592be5d293911539ea3d0b0bfa1146f4", size = 2649, upload-time = "2022-07-13T08:24:30.926Z" }
wheels = [
    { url = "https://pypi.tuna.tsinghua.edu.cn/packages/68/eb/e96c25f5accb24b151c5a559961f29af2ef089725b547efb185985c73e10/attr-0.3.2-py2.py3-none-any.whl", hash = "sha256:4f4bffeea8c27387bde446675a7ac24f3b8fea1075f12d849b5f5c5181fc8336", size = 3267, upload-time = "2022-07-13T08:24:29.704Z" },
]

[[package]]
name = "attrs"
version = "25.4.0"
source = { registry = "https://pypi.tuna.tsinghua.edu.cn/simple" }
sdist = { url = "https://pypi.tuna.tsinghua.edu.cn/packages/6b/5c/685e6633917e101e5dcb62b9dd76946cbb57c26e133bae9e0cd36033c0a9/attrs-25.4.0.tar.gz", hash = "sha256:16d5969b87f0859ef33a48b35d55ac1be6e42ae49d5e853b597db70c35c57e11", size = 934251, upload-time = "2025-10-06T13:54:44.725Z" }
wheels = [
    { url = "https://pypi.tuna.tsinghua.edu.cn/packages/3a/2a/7cc015f5b9f5db42b7d48157e23356022889fc354a2813c15934b7cb5c0e/attrs-25.4.0-py3-none-any.whl", hash = "sha256:adcf7e2a1fb3b36ac48d97835bb6d8ade15b8dcce26aba8bf1d14847b57a3373", size = 67615, upload-time = "2025-10-06T13:54:43.17Z" },
]

[[package]]
name = "catlassbasicmatmul"
version = "0.1.0"
source = { virtual = "." }
dependencies = [
    { name = "attr" },
    { name = "attrs" },
    { name = "decorator" },
    { name = "numpy" },
    { name = "protobuf" },
    { name = "psutil" },
    { name = "scipy" },
    { name = "sympy" },
]

[package.metadata]
requires-dist = [
    { name = "attr", specifier = ">=0.3.2" },
    { name = "attrs", specifier = ">=25.4.0" },
    { name = "decorator", specifier = ">=5.2.1" },
    { name = "numpy", specifier = "==1.26.4" },
    { name = "protobuf", specifier = ">=6.33.0" },
    { name = "psutil", specifier = ">=7.1.1" },
    { name = "scipy", specifier = ">=1.16.2" },
    { name = "sympy", specifier = ">=1.14.0" },
]

[[package]]
name = "decorator"
version = "5.2.1"
source = { registry = "https://pypi.tuna.tsinghua.edu.cn/simple" }
sdist = { url = "https://pypi.tuna.tsinghua.edu.cn/packages/43/fa/6d96a0978d19e17b68d634497769987b16c8f4cd0a7a05048bec693caa6b/decorator-5.2.1.tar.gz", hash = "sha256:65f266143752f734b0a7cc83c46f4618af75b8c5911b00ccb61d0ac9b6da0360", size = 56711, upload-time = "2025-02-24T04:41:34.073Z" }
wheels = [
    { url = "https://pypi.tuna.tsinghua.edu.cn/packages/4e/8c/f3147f5c4b73e7550fe5f9352eaa956ae838d5c51eb58e7a25b9f3e2643b/decorator-5.2.1-py3-none-any.whl", hash = "sha256:d316bb415a2d9e2d2b3abcc4084c6502fc09240e292cd76a76afc106a1c8e04a", size = 9190, upload-time = "2025-02-24T04:41:32.565Z" },
]

[[package]]
name = "mpmath"
version = "1.3.0"
source = { registry = "https://pypi.tuna.tsinghua.edu.cn/simple" }
sdist = { url = "https://pypi.tuna.tsinghua.edu.cn/packages/e0/47/dd32fa426cc72114383ac549964eecb20ecfd886d1e5ccf5340b55b02f57/mpmath-1.3.0.tar.gz", hash = "sha256:7a28eb2a9774d00c7bc92411c19a89209d5da7c4c9a9e227be8330a23a25b91f", size = 508106, upload-time = "2023-03-07T16:47:11.061Z" }
wheels = [
    { url = "https://pypi.tuna.tsinghua.edu.cn/packages/43/e3/7d92a15f894aa0c9c4b49b8ee9ac9850d6e63b03c9c32c0367a13ae62209/mpmath-1.3.0-py3-none-any.whl", hash = "sha256:a0b2b9fe80bbcd81a6647ff13108738cfb482d481d826cc0e02f5b35e5c88d2c", size = 536198, upload-time = "2023-03-07T16:47:09.197Z" },
]

[[package]]
name = "numpy"
version = "1.26.4"
source = { registry = "https://pypi.tuna.tsinghua.edu.cn/simple" }
sdist = { url = "https://pypi.tuna.tsinghua.edu.cn/packages/65/6e/09db70a523a96d25e115e71cc56a6f9031e7b8cd166c1ac8438307c14058/numpy-1.26.4.tar.gz", hash = "sha256:2a02aba9ed12e4ac4eb3ea9421c420301a0c6460d9830d74a9df87efa4912010", size = 15786129, upload-time = "2024-02-06T00:26:44.495Z" }
wheels = [
    { url = "https://pypi.tuna.tsinghua.edu.cn/packages/11/57/baae43d14fe163fa0e4c47f307b6b2511ab8d7d30177c491960504252053/numpy-1.26.4-cp311-cp311-macosx_10_9_x86_64.whl", hash = "sha256:4c66707fabe114439db9068ee468c26bbdf909cac0fb58686a42a24de1760c71", size = 20630554, upload-time = "2024-02-05T23:51:50.149Z" },
    { url = "https://pypi.tuna.tsinghua.edu.cn/packages/1a/2e/151484f49fd03944c4a3ad9c418ed193cfd02724e138ac8a9505d056c582/numpy-1.26.4-cp311-cp311-macosx_11_0_arm64.whl", hash = "sha256:edd8b5fe47dab091176d21bb6de568acdd906d1887a4584a15a9a96a1dca06ef", size = 13997127, upload-time = "2024-02-05T23:52:15.314Z" },
    { url = "https://pypi.tuna.tsinghua.edu.cn/packages/79/ae/7e5b85136806f9dadf4878bf73cf223fe5c2636818ba3ab1c585d0403164/numpy-1.26.4-cp311-cp311-manylinux_2_17_aarch64.manylinux2014_aarch64.whl", hash = "sha256:7ab55401287bfec946ced39700c053796e7cc0e3acbef09993a9ad2adba6ca6e", size = 14222994, upload-time = "2024-02-05T23:52:47.569Z" },
    { url = "https://pypi.tuna.tsinghua.edu.cn/packages/3a/d0/edc009c27b406c4f9cbc79274d6e46d634d139075492ad055e3d68445925/numpy-1.26.4-cp311-cp311-manylinux_2_17_x86_64.manylinux2014_x86_64.whl", hash = "sha256:666dbfb6ec68962c033a450943ded891bed2d54e6755e35e5835d63f4f6931d5", size = 18252005, upload-time = "2024-02-05T23:53:15.637Z" },
    { url = "https://pypi.tuna.tsinghua.edu.cn/packages/09/bf/2b1aaf8f525f2923ff6cfcf134ae5e750e279ac65ebf386c75a0cf6da06a/numpy-1.26.4-cp311-cp311-musllinux_1_1_aarch64.whl", hash = "sha256:96ff0b2ad353d8f990b63294c8986f1ec3cb19d749234014f4e7eb0112ceba5a", size = 13885297, upload-time = "2024-02-05T23:53:42.16Z" },
    { url = "https://pypi.tuna.tsinghua.edu.cn/packages/df/a0/4e0f14d847cfc2a633a1c8621d00724f3206cfeddeb66d35698c4e2cf3d2/numpy-1.26.4-cp311-cp311-musllinux_1_1_x86_64.whl", hash = "sha256:60dedbb91afcbfdc9bc0b1f3f402804070deed7392c23eb7a7f07fa857868e8a", size = 18093567, upload-time = "2024-02-05T23:54:11.696Z" },
    { url = "https://pypi.tuna.tsinghua.edu.cn/packages/d2/b7/a734c733286e10a7f1a8ad1ae8c90f2d33bf604a96548e0a4a3a6739b468/numpy-1.26.4-cp311-cp311-win32.whl", hash = "sha256:1af303d6b2210eb850fcf03064d364652b7120803a0b872f5211f5234b399f20", size = 5968812, upload-time = "2024-02-05T23:54:26.453Z" },
    { url = "https://pypi.tuna.tsinghua.edu.cn/packages/3f/6b/5610004206cf7f8e7ad91c5a85a8c71b2f2f8051a0c0c4d5916b76d6cbb2/numpy-1.26.4-cp311-cp311-win_amd64.whl", hash = "sha256:cd25bcecc4974d09257ffcd1f098ee778f7834c3ad767fe5db785be9a4aa9cb2", size = 15811913, upload-time = "2024-02-05T23:54:53.933Z" },
    { url = "https://pypi.tuna.tsinghua.edu.cn/packages/95/12/8f2020a8e8b8383ac0177dc9570aad031a3beb12e38847f7129bacd96228/numpy-1.26.4-cp312-cp312-macosx_10_9_x86_64.whl", hash = "sha256:b3ce300f3644fb06443ee2222c2201dd3a89ea6040541412b8fa189341847218", size = 20335901, upload-time = "2024-02-05T23:55:32.801Z" },
    { url = "https://pypi.tuna.tsinghua.edu.cn/packages/75/5b/ca6c8bd14007e5ca171c7c03102d17b4f4e0ceb53957e8c44343a9546dcc/numpy-1.26.4-cp312-cp312-macosx_11_0_arm64.whl", hash = "sha256:03a8c78d01d9781b28a6989f6fa1bb2c4f2d51201cf99d3dd875df6fbd96b23b", size = 13685868, upload-time = "2024-02-05T23:55:56.28Z" },
    { url = "https://pypi.tuna.tsinghua.edu.cn/packages/79/f8/97f10e6755e2a7d027ca783f63044d5b1bc1ae7acb12afe6a9b4286eac17/numpy-1.26.4-cp312-cp312-manylinux_2_17_aarch64.manylinux2014_aarch64.whl", hash = "sha256:9fad7dcb1aac3c7f0584a5a8133e3a43eeb2fe127f47e3632d43d677c66c102b", size = 13925109, upload-time = "2024-02-05T23:56:20.368Z" },
    { url = "https://pypi.tuna.tsinghua.edu.cn/packages/0f/50/de23fde84e45f5c4fda2488c759b69990fd4512387a8632860f3ac9cd225/numpy-1.26.4-cp312-cp312-manylinux_2_17_x86_64.manylinux2014_x86_64.whl", hash = "sha256:675d61ffbfa78604709862923189bad94014bef562cc35cf61d3a07bba02a7ed", size = 17950613, upload-time = "2024-02-05T23:56:56.054Z" },
    { url = "https://pypi.tuna.tsinghua.edu.cn/packages/4c/0c/9c603826b6465e82591e05ca230dfc13376da512b25ccd0894709b054ed0/numpy-1.26.4-cp312-cp312-musllinux_1_1_aarch64.whl", hash = "sha256:ab47dbe5cc8210f55aa58e4805fe224dac469cde56b9f731a4c098b91917159a", size = 13572172, upload-time = "2024-02-05T23:57:21.56Z" },
    { url = "https://pypi.tuna.tsinghua.edu.cn/packages/76/8c/2ba3902e1a0fc1c74962ea9bb33a534bb05984ad7ff9515bf8d07527cadd/numpy-1.26.4-cp312-cp312-musllinux_1_1_x86_64.whl", hash = "sha256:1dda2e7b4ec9dd512f84935c5f126c8bd8b9f2fc001e9f54af255e8c5f16b0e0", size = 17786643, upload-time = "2024-02-05T23:57:56.585Z" },
    { url = "https://pypi.tuna.tsinghua.edu.cn/packages/28/4a/46d9e65106879492374999e76eb85f87b15328e06bd1550668f79f7b18c6/numpy-1.26.4-cp312-cp312-win32.whl", hash = "sha256:50193e430acfc1346175fcbdaa28ffec49947a06918b7b92130744e81e640110", size = 5677803, upload-time = "2024-02-05T23:58:08.963Z" },
    { url = "https://pypi.tuna.tsinghua.edu.cn/packages/16/2e/86f24451c2d530c88daf997cb8d6ac622c1d40d19f5a031ed68a4b73a374/numpy-1.26.4-cp312-cp312-win_amd64.whl", hash = "sha256:08beddf13648eb95f8d867350f6a018a4be2e5ad54c8d8caed89ebca558b2818", size = 15517754, upload-time = "2024-02-05T23:58:36.364Z" },
]

[[package]]
name = "protobuf"
version = "6.33.0"
source = { registry = "https://pypi.tuna.tsinghua.edu.cn/simple" }
sdist = { url = "https://pypi.tuna.tsinghua.edu.cn/packages/19/ff/64a6c8f420818bb873713988ca5492cba3a7946be57e027ac63495157d97/protobuf-6.33.0.tar.gz", hash = "sha256:140303d5c8d2037730c548f8c7b93b20bb1dc301be280c378b82b8894589c954", size = 443463, upload-time = "2025-10-15T20:39:52.159Z" }
wheels = [
    { url = "https://pypi.tuna.tsinghua.edu.cn/packages/7e/ee/52b3fa8feb6db4a833dfea4943e175ce645144532e8a90f72571ad85df4e/protobuf-6.33.0-cp310-abi3-win32.whl", hash = "sha256:d6101ded078042a8f17959eccd9236fb7a9ca20d3b0098bbcb91533a5680d035", size = 425593, upload-time = "2025-10-15T20:39:40.29Z" },
    { url = "https://pypi.tuna.tsinghua.edu.cn/packages/7b/c6/7a465f1825872c55e0341ff4a80198743f73b69ce5d43ab18043699d1d81/protobuf-6.33.0-cp310-abi3-win_amd64.whl", hash = "sha256:9a031d10f703f03768f2743a1c403af050b6ae1f3480e9c140f39c45f81b13ee", size = 436882, upload-time = "2025-10-15T20:39:42.841Z" },
    { url = "https://pypi.tuna.tsinghua.edu.cn/packages/e1/a9/b6eee662a6951b9c3640e8e452ab3e09f117d99fc10baa32d1581a0d4099/protobuf-6.33.0-cp39-abi3-macosx_10_9_universal2.whl", hash = "sha256:905b07a65f1a4b72412314082c7dbfae91a9e8b68a0cc1577515f8df58ecf455", size = 427521, upload-time = "2025-10-15T20:39:43.803Z" },
    { url = "https://pypi.tuna.tsinghua.edu.cn/packages/10/35/16d31e0f92c6d2f0e77c2a3ba93185130ea13053dd16200a57434c882f2b/protobuf-6.33.0-cp39-abi3-manylinux2014_aarch64.whl", hash = "sha256:e0697ece353e6239b90ee43a9231318302ad8353c70e6e45499fa52396debf90", size = 324445, upload-time = "2025-10-15T20:39:44.932Z" },
    { url = "https://pypi.tuna.tsinghua.edu.cn/packages/e6/eb/2a981a13e35cda8b75b5585aaffae2eb904f8f351bdd3870769692acbd8a/protobuf-6.33.0-cp39-abi3-manylinux2014_s390x.whl", hash = "sha256:e0a1715e4f27355afd9570f3ea369735afc853a6c3951a6afe1f80d8569ad298", size = 339159, upload-time = "2025-10-15T20:39:46.186Z" },
    { url = "https://pypi.tuna.tsinghua.edu.cn/packages/21/51/0b1cbad62074439b867b4e04cc09b93f6699d78fd191bed2bbb44562e077/protobuf-6.33.0-cp39-abi3-manylinux2014_x86_64.whl", hash = "sha256:35be49fd3f4fefa4e6e2aacc35e8b837d6703c37a2168a55ac21e9b1bc7559ef", size = 323172, upload-time = "2025-10-15T20:39:47.465Z" },
    { url = "https://pypi.tuna.tsinghua.edu.cn/packages/07/d1/0a28c21707807c6aacd5dc9c3704b2aa1effbf37adebd8caeaf68b17a636/protobuf-6.33.0-py3-none-any.whl", hash = "sha256:25c9e1963c6734448ea2d308cfa610e692b801304ba0908d7bfa564ac5132995", size = 170477, upload-time = "2025-10-15T20:39:51.311Z" },
]

[[package]]
name = "psutil"
version = "7.1.1"
source = { registry = "https://pypi.tuna.tsinghua.edu.cn/simple" }
sdist = { url = "https://pypi.tuna.tsinghua.edu.cn/packages/89/fc/889242351a932d6183eec5df1fc6539b6f36b6a88444f1e63f18668253aa/psutil-7.1.1.tar.gz", hash = "sha256:092b6350145007389c1cfe5716050f02030a05219d90057ea867d18fe8d372fc", size = 487067, upload-time = "2025-10-19T15:43:59.373Z" }
wheels = [
    { url = "https://pypi.tuna.tsinghua.edu.cn/packages/51/30/f97f8fb1f9ecfbeae4b5ca738dcae66ab28323b5cfbc96cb5565f3754056/psutil-7.1.1-cp36-abi3-macosx_10_9_x86_64.whl", hash = "sha256:8fa59d7b1f01f0337f12cd10dbd76e4312a4d3c730a4fedcbdd4e5447a8b8460", size = 244221, upload-time = "2025-10-19T15:44:03.145Z" },
    { url = "https://pypi.tuna.tsinghua.edu.cn/packages/7b/98/b8d1f61ebf35f4dbdbaabadf9208282d8adc820562f0257e5e6e79e67bf2/psutil-7.1.1-cp36-abi3-macosx_11_0_arm64.whl", hash = "sha256:2a95104eae85d088891716db676f780c1404fc15d47fde48a46a5d61e8f5ad2c", size = 245660, upload-time = "2025-10-19T15:44:05.657Z" },
    { url = "https://pypi.tuna.tsinghua.edu.cn/packages/f0/4a/b8015d7357fefdfe34bc4a3db48a107bae4bad0b94fb6eb0613f09a08ada/psutil-7.1.1-cp36-abi3-manylinux_2_12_i686.manylinux2010_i686.manylinux_2_17_i686.manylinux2014_i686.whl", hash = "sha256:98629cd8567acefcc45afe2f4ba1e9290f579eacf490a917967decce4b74ee9b", size = 286963, upload-time = "2025-10-19T15:44:08.877Z" },
    { url = "https://pypi.tuna.tsinghua.edu.cn/packages/3d/3c/b56076bb35303d0733fc47b110a1c9cce081a05ae2e886575a3587c1ee76/psutil-7.1.1-cp36-abi3-manylinux_2_12_x86_64.manylinux2010_x86_64.manylinux_2_17_x86_64.manylinux2014_x86_64.whl", hash = "sha256:92ebc58030fb054fa0f26c3206ef01c31c29d67aee1367e3483c16665c25c8d2", size = 290118, upload-time = "2025-10-19T15:44:11.897Z" },
    { url = "https://pypi.tuna.tsinghua.edu.cn/packages/dc/af/c13d360c0adc6f6218bf9e2873480393d0f729c8dd0507d171f53061c0d3/psutil-7.1.1-cp36-abi3-manylinux_2_17_aarch64.manylinux2014_aarch64.whl", hash = "sha256:146a704f224fb2ded2be3da5ac67fc32b9ea90c45b51676f9114a6ac45616967", size = 292587, upload-time = "2025-10-19T15:44:14.67Z" },
    { url = "https://pypi.tuna.tsinghua.edu.cn/packages/90/2d/c933e7071ba60c7862813f2c7108ec4cf8304f1c79660efeefd0de982258/psutil-7.1.1-cp37-abi3-win32.whl", hash = "sha256:295c4025b5cd880f7445e4379e6826f7307e3d488947bf9834e865e7847dc5f7", size = 243772, upload-time = "2025-10-19T15:44:16.938Z" },
    { url = "https://pypi.tuna.tsinghua.edu.cn/packages/be/f3/11fd213fff15427bc2853552138760c720fd65032d99edfb161910d04127/psutil-7.1.1-cp37-abi3-win_amd64.whl", hash = "sha256:9b4f17c5f65e44f69bd3a3406071a47b79df45cf2236d1f717970afcb526bcd3", size = 246936, upload-time = "2025-10-19T15:44:18.663Z" },
    { url = "https://pypi.tuna.tsinghua.edu.cn/packages/0a/8d/8a9a45c8b655851f216c1d44f68e3533dc8d2c752ccd0f61f1aa73be4893/psutil-7.1.1-cp37-abi3-win_arm64.whl", hash = "sha256:5457cf741ca13da54624126cd5d333871b454ab133999a9a103fb097a7d7d21a", size = 243944, upload-time = "2025-10-19T15:44:20.666Z" },
]

[[package]]
name = "scipy"
version = "1.16.2"
source = { registry = "https://pypi.tuna.tsinghua.edu.cn/simple" }
dependencies = [
    { name = "numpy" },
]
sdist = { url = "https://pypi.tuna.tsinghua.edu.cn/packages/4c/3b/546a6f0bfe791bbb7f8d591613454d15097e53f906308ec6f7c1ce588e8e/scipy-1.16.2.tar.gz", hash = "sha256:af029b153d243a80afb6eabe40b0a07f8e35c9adc269c019f364ad747f826a6b", size = 30580599, upload-time = "2025-09-11T17:48:08.271Z" }
wheels = [
    { url = "https://pypi.tuna.tsinghua.edu.cn/packages/0b/ef/37ed4b213d64b48422df92560af7300e10fe30b5d665dd79932baebee0c6/scipy-1.16.2-cp311-cp311-macosx_10_14_x86_64.whl", hash = "sha256:6ab88ea43a57da1af33292ebd04b417e8e2eaf9d5aa05700be8d6e1b6501cd92", size = 36619956, upload-time = "2025-09-11T17:39:20.5Z" },
    { url = "https://pypi.tuna.tsinghua.edu.cn/packages/85/ab/5c2eba89b9416961a982346a4d6a647d78c91ec96ab94ed522b3b6baf444/scipy-1.16.2-cp311-cp311-macosx_12_0_arm64.whl", hash = "sha256:c95e96c7305c96ede73a7389f46ccd6c659c4da5ef1b2789466baeaed3622b6e", size = 28931117, upload-time = "2025-09-11T17:39:29.06Z" },
    { url = "https://pypi.tuna.tsinghua.edu.cn/packages/80/d1/eed51ab64d227fe60229a2d57fb60ca5898cfa50ba27d4f573e9e5f0b430/scipy-1.16.2-cp311-cp311-macosx_14_0_arm64.whl", hash = "sha256:87eb178db04ece7c698220d523c170125dbffebb7af0345e66c3554f6f60c173", size = 20921997, upload-time = "2025-09-11T17:39:34.892Z" },
    { url = "https://pypi.tuna.tsinghua.edu.cn/packages/be/7c/33ea3e23bbadde96726edba6bf9111fb1969d14d9d477ffa202c67bec9da/scipy-1.16.2-cp311-cp311-macosx_14_0_x86_64.whl", hash = "sha256:4e409eac067dcee96a57fbcf424c13f428037827ec7ee3cb671ff525ca4fc34d", size = 23523374, upload-time = "2025-09-11T17:39:40.846Z" },
    { url = "https://pypi.tuna.tsinghua.edu.cn/packages/96/0b/7399dc96e1e3f9a05e258c98d716196a34f528eef2ec55aad651ed136d03/scipy-1.16.2-cp311-cp311-manylinux2014_aarch64.manylinux_2_17_aarch64.whl", hash = "sha256:e574be127bb760f0dad24ff6e217c80213d153058372362ccb9555a10fc5e8d2", size = 33583702, upload-time = "2025-09-11T17:39:49.011Z" },
    { url = "https://pypi.tuna.tsinghua.edu.cn/packages/1a/bc/a5c75095089b96ea72c1bd37a4497c24b581ec73db4ef58ebee142ad2d14/scipy-1.16.2-cp311-cp311-manylinux2014_x86_64.manylinux_2_17_x86_64.whl", hash = "sha256:f5db5ba6188d698ba7abab982ad6973265b74bb40a1efe1821b58c87f73892b9", size = 35883427, upload-time = "2025-09-11T17:39:57.406Z" },
    { url = "https://pypi.tuna.tsinghua.edu.cn/packages/ab/66/e25705ca3d2b87b97fe0a278a24b7f477b4023a926847935a1a71488a6a6/scipy-1.16.2-cp311-cp311-musllinux_1_2_aarch64.whl", hash = "sha256:ec6e74c4e884104ae006d34110677bfe0098203a3fec2f3faf349f4cb05165e3", size = 36212940, upload-time = "2025-09-11T17:40:06.013Z" },
    { url = "https://pypi.tuna.tsinghua.edu.cn/packages/d6/fd/0bb911585e12f3abdd603d721d83fc1c7492835e1401a0e6d498d7822b4b/scipy-1.16.2-cp311-cp311-musllinux_1_2_x86_64.whl", hash = "sha256:912f46667d2d3834bc3d57361f854226475f695eb08c08a904aadb1c936b6a88", size = 38865092, upload-time = "2025-09-11T17:40:15.143Z" },
    { url = "https://pypi.tuna.tsinghua.edu.cn/packages/d6/73/c449a7d56ba6e6f874183759f8483cde21f900a8be117d67ffbb670c2958/scipy-1.16.2-cp311-cp311-win_amd64.whl", hash = "sha256:91e9e8a37befa5a69e9cacbe0bcb79ae5afb4a0b130fd6db6ee6cc0d491695fa", size = 38687626, upload-time = "2025-09-11T17:40:24.041Z" },
    { url = "https://pypi.tuna.tsinghua.edu.cn/packages/68/72/02f37316adf95307f5d9e579023c6899f89ff3a051fa079dbd6faafc48e5/scipy-1.16.2-cp311-cp311-win_arm64.whl", hash = "sha256:f3bf75a6dcecab62afde4d1f973f1692be013110cad5338007927db8da73249c", size = 25503506, upload-time = "2025-09-11T17:40:30.703Z" },
    { url = "https://pypi.tuna.tsinghua.edu.cn/packages/b7/8d/6396e00db1282279a4ddd507c5f5e11f606812b608ee58517ce8abbf883f/scipy-1.16.2-cp312-cp312-macosx_10_14_x86_64.whl", hash = "sha256:89d6c100fa5c48472047632e06f0876b3c4931aac1f4291afc81a3644316bb0d", size = 36646259, upload-time = "2025-09-11T17:40:39.329Z" },
    { url = "https://pypi.tuna.tsinghua.edu.cn/packages/3b/93/ea9edd7e193fceb8eef149804491890bde73fb169c896b61aa3e2d1e4e77/scipy-1.16.2-cp312-cp312-macosx_12_0_arm64.whl", hash = "sha256:ca748936cd579d3f01928b30a17dc474550b01272d8046e3e1ee593f23620371", size = 28888976, upload-time = "2025-09-11T17:40:46.82Z" },
    { url = "https://pypi.tuna.tsinghua.edu.cn/packages/91/4d/281fddc3d80fd738ba86fd3aed9202331180b01e2c78eaae0642f22f7e83/scipy-1.16.2-cp312-cp312-macosx_14_0_arm64.whl", hash = "sha256:fac4f8ce2ddb40e2e3d0f7ec36d2a1e7f92559a2471e59aec37bd8d9de01fec0", size = 20879905, upload-time = "2025-09-11T17:40:52.545Z" },
    { url = "https://pypi.tuna.tsinghua.edu.cn/packages/69/40/b33b74c84606fd301b2915f0062e45733c6ff5708d121dd0deaa8871e2d0/scipy-1.16.2-cp312-cp312-macosx_14_0_x86_64.whl", hash = "sha256:033570f1dcefd79547a88e18bccacff025c8c647a330381064f561d43b821232", size = 23553066, upload-time = "2025-09-11T17:40:59.014Z" },
    { url = "https://pypi.tuna.tsinghua.edu.cn/packages/55/a7/22c739e2f21a42cc8f16bc76b47cff4ed54fbe0962832c589591c2abec34/scipy-1.16.2-cp312-cp312-manylinux2014_aarch64.manylinux_2_17_aarch64.whl", hash = "sha256:ea3421209bf00c8a5ef2227de496601087d8f638a2363ee09af059bd70976dc1", size = 33336407, upload-time = "2025-09-11T17:41:06.796Z" },
    { url = "https://pypi.tuna.tsinghua.edu.cn/packages/53/11/a0160990b82999b45874dc60c0c183d3a3a969a563fffc476d5a9995c407/scipy-1.16.2-cp312-cp312-manylinux2014_x86_64.manylinux_2_17_x86_64.whl", hash = "sha256:f66bd07ba6f84cd4a380b41d1bf3c59ea488b590a2ff96744845163309ee8e2f", size = 35673281, upload-time = "2025-09-11T17:41:15.055Z" },
    { url = "https://pypi.tuna.tsinghua.edu.cn/packages/96/53/7ef48a4cfcf243c3d0f1643f5887c81f29fdf76911c4e49331828e19fc0a/scipy-1.16.2-cp312-cp312-musllinux_1_2_aarch64.whl", hash = "sha256:5e9feab931bd2aea4a23388c962df6468af3d808ddf2d40f94a81c5dc38f32ef", size = 36004222, upload-time = "2025-09-11T17:41:23.868Z" },
    { url = "https://pypi.tuna.tsinghua.edu.cn/packages/49/7f/71a69e0afd460049d41c65c630c919c537815277dfea214031005f474d78/scipy-1.16.2-cp312-cp312-musllinux_1_2_x86_64.whl", hash = "sha256:03dfc75e52f72cf23ec2ced468645321407faad8f0fe7b1f5b49264adbc29cb1", size = 38664586, upload-time = "2025-09-11T17:41:31.021Z" },
    { url = "https://pypi.tuna.tsinghua.edu.cn/packages/34/95/20e02ca66fb495a95fba0642fd48e0c390d0ece9b9b14c6e931a60a12dea/scipy-1.16.2-cp312-cp312-win_amd64.whl", hash = "sha256:0ce54e07bbb394b417457409a64fd015be623f36e330ac49306433ffe04bc97e", size = 38550641, upload-time = "2025-09-11T17:41:36.61Z" },
    { url = "https://pypi.tuna.tsinghua.edu.cn/packages/92/ad/13646b9beb0a95528ca46d52b7babafbe115017814a611f2065ee4e61d20/scipy-1.16.2-cp312-cp312-win_arm64.whl", hash = "sha256:2a8ffaa4ac0df81a0b94577b18ee079f13fecdb924df3328fc44a7dc5ac46851", size = 25456070, upload-time = "2025-09-11T17:41:41.3Z" },
    { url = "https://pypi.tuna.tsinghua.edu.cn/packages/c1/27/c5b52f1ee81727a9fc457f5ac1e9bf3d6eab311805ea615c83c27ba06400/scipy-1.16.2-cp313-cp313-macosx_10_14_x86_64.whl", hash = "sha256:84f7bf944b43e20b8a894f5fe593976926744f6c185bacfcbdfbb62736b5cc70", size = 36604856, upload-time = "2025-09-11T17:41:47.695Z" },
    { url = "https://pypi.tuna.tsinghua.edu.cn/packages/32/a9/15c20d08e950b540184caa8ced675ba1128accb0e09c653780ba023a4110/scipy-1.16.2-cp313-cp313-macosx_12_0_arm64.whl", hash = "sha256:5c39026d12edc826a1ef2ad35ad1e6d7f087f934bb868fc43fa3049c8b8508f9", size = 28864626, upload-time = "2025-09-11T17:41:52.642Z" },
    { url = "https://pypi.tuna.tsinghua.edu.cn/packages/4c/fc/ea36098df653cca26062a627c1a94b0de659e97127c8491e18713ca0e3b9/scipy-1.16.2-cp313-cp313-macosx_14_0_arm64.whl", hash = "sha256:e52729ffd45b68777c5319560014d6fd251294200625d9d70fd8626516fc49f5", size = 20855689, upload-time = "2025-09-11T17:41:57.886Z" },
    { url = "https://pypi.tuna.tsinghua.edu.cn/packages/dc/6f/d0b53be55727f3e6d7c72687ec18ea6d0047cf95f1f77488b99a2bafaee1/scipy-1.16.2-cp313-cp313-macosx_14_0_x86_64.whl", hash = "sha256:024dd4a118cccec09ca3209b7e8e614931a6ffb804b2a601839499cb88bdf925", size = 23512151, upload-time = "2025-09-11T17:42:02.303Z" },
    { url = "https://pypi.tuna.tsinghua.edu.cn/packages/11/85/bf7dab56e5c4b1d3d8eef92ca8ede788418ad38a7dc3ff50262f00808760/scipy-1.16.2-cp313-cp313-manylinux2014_aarch64.manylinux_2_17_aarch64.whl", hash = "sha256:7a5dc7ee9c33019973a470556081b0fd3c9f4c44019191039f9769183141a4d9", size = 33329824, upload-time = "2025-09-11T17:42:07.549Z" },
    { url = "https://pypi.tuna.tsinghua.edu.cn/packages/da/6a/1a927b14ddc7714111ea51f4e568203b2bb6ed59bdd036d62127c1a360c8/scipy-1.16.2-cp313-cp313-manylinux2014_x86_64.manylinux_2_17_x86_64.whl", hash = "sha256:c2275ff105e508942f99d4e3bc56b6ef5e4b3c0af970386ca56b777608ce95b7", size = 35681881, upload-time = "2025-09-11T17:42:13.255Z" },
    { url = "https://pypi.tuna.tsinghua.edu.cn/packages/c1/5f/331148ea5780b4fcc7007a4a6a6ee0a0c1507a796365cc642d4d226e1c3a/scipy-1.16.2-cp313-cp313-musllinux_1_2_aarch64.whl", hash = "sha256:af80196eaa84f033e48444d2e0786ec47d328ba00c71e4299b602235ffef9acb", size = 36006219, upload-time = "2025-09-11T17:42:18.765Z" },
    { url = "https://pypi.tuna.tsinghua.edu.cn/packages/46/3a/e991aa9d2aec723b4a8dcfbfc8365edec5d5e5f9f133888067f1cbb7dfc1/scipy-1.16.2-cp313-cp313-musllinux_1_2_x86_64.whl", hash = "sha256:9fb1eb735fe3d6ed1f89918224e3385fbf6f9e23757cacc35f9c78d3b712dd6e", size = 38682147, upload-time = "2025-09-11T17:42:25.177Z" },
    { url = "https://pypi.tuna.tsinghua.edu.cn/packages/a1/57/0f38e396ad19e41b4c5db66130167eef8ee620a49bc7d0512e3bb67e0cab/scipy-1.16.2-cp313-cp313-win_amd64.whl", hash = "sha256:fda714cf45ba43c9d3bae8f2585c777f64e3f89a2e073b668b32ede412d8f52c", size = 38520766, upload-time = "2025-09-11T17:43:25.342Z" },
    { url = "https://pypi.tuna.tsinghua.edu.cn/packages/1b/a5/85d3e867b6822d331e26c862a91375bb7746a0b458db5effa093d34cdb89/scipy-1.16.2-cp313-cp313-win_arm64.whl", hash = "sha256:2f5350da923ccfd0b00e07c3e5cfb316c1c0d6c1d864c07a72d092e9f20db104", size = 25451169, upload-time = "2025-09-11T17:43:30.198Z" },
    { url = "https://pypi.tuna.tsinghua.edu.cn/packages/09/d9/60679189bcebda55992d1a45498de6d080dcaf21ce0c8f24f888117e0c2d/scipy-1.16.2-cp313-cp313t-macosx_10_14_x86_64.whl", hash = "sha256:53d8d2ee29b925344c13bda64ab51785f016b1b9617849dac10897f0701b20c1", size = 37012682, upload-time = "2025-09-11T17:42:30.677Z" },
    { url = "https://pypi.tuna.tsinghua.edu.cn/packages/83/be/a99d13ee4d3b7887a96f8c71361b9659ba4ef34da0338f14891e102a127f/scipy-1.16.2-cp313-cp313t-macosx_12_0_arm64.whl", hash = "sha256:9e05e33657efb4c6a9d23bd8300101536abd99c85cca82da0bffff8d8764d08a", size = 29389926, upload-time = "2025-09-11T17:42:35.845Z" },
    { url = "https://pypi.tuna.tsinghua.edu.cn/packages/bf/0a/130164a4881cec6ca8c00faf3b57926f28ed429cd6001a673f83c7c2a579/scipy-1.16.2-cp313-cp313t-macosx_14_0_arm64.whl", hash = "sha256:7fe65b36036357003b3ef9d37547abeefaa353b237e989c21027b8ed62b12d4f", size = 21381152, upload-time = "2025-09-11T17:42:40.07Z" },
    { url = "https://pypi.tuna.tsinghua.edu.cn/packages/47/a6/503ffb0310ae77fba874e10cddfc4a1280bdcca1d13c3751b8c3c2996cf8/scipy-1.16.2-cp313-cp313t-macosx_14_0_x86_64.whl", hash = "sha256:6406d2ac6d40b861cccf57f49592f9779071655e9f75cd4f977fa0bdd09cb2e4", size = 23914410, upload-time = "2025-09-11T17:42:44.313Z" },
    { url = "https://pypi.tuna.tsinghua.edu.cn/packages/fa/c7/1147774bcea50d00c02600aadaa919facbd8537997a62496270133536ed6/scipy-1.16.2-cp313-cp313t-manylinux2014_aarch64.manylinux_2_17_aarch64.whl", hash = "sha256:ff4dc42bd321991fbf611c23fc35912d690f731c9914bf3af8f417e64aca0f21", size = 33481880, upload-time = "2025-09-11T17:42:49.325Z" },
    { url = "https://pypi.tuna.tsinghua.edu.cn/packages/6a/74/99d5415e4c3e46b2586f30cdbecb95e101c7192628a484a40dd0d163811a/scipy-1.16.2-cp313-cp313t-manylinux2014_x86_64.manylinux_2_17_x86_64.whl", hash = "sha256:654324826654d4d9133e10675325708fb954bc84dae6e9ad0a52e75c6b1a01d7", size = 35791425, upload-time = "2025-09-11T17:42:54.711Z" },
    { url = "https://pypi.tuna.tsinghua.edu.cn/packages/1b/ee/a6559de7c1cc710e938c0355d9d4fbcd732dac4d0d131959d1f3b63eb29c/scipy-1.16.2-cp313-cp313t-musllinux_1_2_aarch64.whl", hash = "sha256:63870a84cd15c44e65220eaed2dac0e8f8b26bbb991456a033c1d9abfe8a94f8", size = 36178622, upload-time = "2025-09-11T17:43:00.375Z" },
    { url = "https://pypi.tuna.tsinghua.edu.cn/packages/4e/7b/f127a5795d5ba8ece4e0dce7d4a9fb7cb9e4f4757137757d7a69ab7d4f1a/scipy-1.16.2-cp313-cp313t-musllinux_1_2_x86_64.whl", hash = "sha256:fa01f0f6a3050fa6a9771a95d5faccc8e2f5a92b4a2e5440a0fa7264a2398472", size = 38783985, upload-time = "2025-09-11T17:43:06.661Z" },
    { url = "https://pypi.tuna.tsinghua.edu.cn/packages/3e/9f/bc81c1d1e033951eb5912cd3750cc005943afa3e65a725d2443a3b3c4347/scipy-1.16.2-cp313-cp313t-win_amd64.whl", hash = "sha256:116296e89fba96f76353a8579820c2512f6e55835d3fad7780fece04367de351", size = 38631367, upload-time = "2025-09-11T17:43:14.44Z" },
    { url = "https://pypi.tuna.tsinghua.edu.cn/packages/d6/5e/2cc7555fd81d01814271412a1d59a289d25f8b63208a0a16c21069d55d3e/scipy-1.16.2-cp313-cp313t-win_arm64.whl", hash = "sha256:98e22834650be81d42982360382b43b17f7ba95e0e6993e2a4f5b9ad9283a94d", size = 25787992, upload-time = "2025-09-11T17:43:19.745Z" },
    { url = "https://pypi.tuna.tsinghua.edu.cn/packages/8b/ac/ad8951250516db71619f0bd3b2eb2448db04b720a003dd98619b78b692c0/scipy-1.16.2-cp314-cp314-macosx_10_14_x86_64.whl", hash = "sha256:567e77755019bb7461513c87f02bb73fb65b11f049aaaa8ca17cfaa5a5c45d77", size = 36595109, upload-time = "2025-09-11T17:43:35.713Z" },
    { url = "https://pypi.tuna.tsinghua.edu.cn/packages/ff/f6/5779049ed119c5b503b0f3dc6d6f3f68eefc3a9190d4ad4c276f854f051b/scipy-1.16.2-cp314-cp314-macosx_12_0_arm64.whl", hash = "sha256:17d9bb346194e8967296621208fcdfd39b55498ef7d2f376884d5ac47cec1a70", size = 28859110, upload-time = "2025-09-11T17:43:40.814Z" },
    { url = "https://pypi.tuna.tsinghua.edu.cn/packages/82/09/9986e410ae38bf0a0c737ff8189ac81a93b8e42349aac009891c054403d7/scipy-1.16.2-cp314-cp314-macosx_14_0_arm64.whl", hash = "sha256:0a17541827a9b78b777d33b623a6dcfe2ef4a25806204d08ead0768f4e529a88", size = 20850110, upload-time = "2025-09-11T17:43:44.981Z" },
    { url = "https://pypi.tuna.tsinghua.edu.cn/packages/0d/ad/485cdef2d9215e2a7df6d61b81d2ac073dfacf6ae24b9ae87274c4e936ae/scipy-1.16.2-cp314-cp314-macosx_14_0_x86_64.whl", hash = "sha256:d7d4c6ba016ffc0f9568d012f5f1eb77ddd99412aea121e6fa8b4c3b7cbad91f", size = 23497014, upload-time = "2025-09-11T17:43:49.074Z" },
    { url = "https://pypi.tuna.tsinghua.edu.cn/packages/a7/74/f6a852e5d581122b8f0f831f1d1e32fb8987776ed3658e95c377d308ed86/scipy-1.16.2-cp314-cp314-manylinux2014_aarch64.manylinux_2_17_aarch64.whl", hash = "sha256:9702c4c023227785c779cba2e1d6f7635dbb5b2e0936cdd3a4ecb98d78fd41eb", size = 33401155, upload-time = "2025-09-11T17:43:54.661Z" },
    { url = "https://pypi.tuna.tsinghua.edu.cn/packages/d9/f5/61d243bbc7c6e5e4e13dde9887e84a5cbe9e0f75fd09843044af1590844e/scipy-1.16.2-cp314-cp314-manylinux2014_x86_64.manylinux_2_17_x86_64.whl", hash = "sha256:d1cdf0ac28948d225decdefcc45ad7dd91716c29ab56ef32f8e0d50657dffcc7", size = 35691174, upload-time = "2025-09-11T17:44:00.101Z" },
    { url = "https://pypi.tuna.tsinghua.edu.cn/packages/03/99/59933956331f8cc57e406cdb7a483906c74706b156998f322913e789c7e1/scipy-1.16.2-cp314-cp314-musllinux_1_2_aarch64.whl", hash = "sha256:70327d6aa572a17c2941cdfb20673f82e536e91850a2e4cb0c5b858b690e1548", size = 36070752, upload-time = "2025-09-11T17:44:05.619Z" },
    { url = "https://pypi.tuna.tsinghua.edu.cn/packages/c6/7d/00f825cfb47ee19ef74ecf01244b43e95eae74e7e0ff796026ea7cd98456/scipy-1.16.2-cp314-cp314-musllinux_1_2_x86_64.whl", hash = "sha256:5221c0b2a4b58aa7c4ed0387d360fd90ee9086d383bb34d9f2789fafddc8a936", size = 38701010, upload-time = "2025-09-11T17:44:11.322Z" },
    { url = "https://pypi.tuna.tsinghua.edu.cn/packages/e4/9f/b62587029980378304ba5a8563d376c96f40b1e133daacee76efdcae32de/scipy-1.16.2-cp314-cp314-win_amd64.whl", hash = "sha256:f5a85d7b2b708025af08f060a496dd261055b617d776fc05a1a1cc69e09fe9ff", size = 39360061, upload-time = "2025-09-11T17:45:09.814Z" },
    { url = "https://pypi.tuna.tsinghua.edu.cn/packages/82/04/7a2f1609921352c7fbee0815811b5050582f67f19983096c4769867ca45f/scipy-1.16.2-cp314-cp314-win_arm64.whl", hash = "sha256:2cc73a33305b4b24556957d5857d6253ce1e2dcd67fa0ff46d87d1670b3e1e1d", size = 26126914, upload-time = "2025-09-11T17:45:14.73Z" },
    { url = "https://pypi.tuna.tsinghua.edu.cn/packages/51/b9/60929ce350c16b221928725d2d1d7f86cf96b8bc07415547057d1196dc92/scipy-1.16.2-cp314-cp314t-macosx_10_14_x86_64.whl", hash = "sha256:9ea2a3fed83065d77367775d689401a703d0f697420719ee10c0780bcab594d8", size = 37013193, upload-time = "2025-09-11T17:44:16.757Z" },
    { url = "https://pypi.tuna.tsinghua.edu.cn/packages/2a/41/ed80e67782d4bc5fc85a966bc356c601afddd175856ba7c7bb6d9490607e/scipy-1.16.2-cp314-cp314t-macosx_12_0_arm64.whl", hash = "sha256:7280d926f11ca945c3ef92ba960fa924e1465f8d07ce3a9923080363390624c4", size = 29390172, upload-time = "2025-09-11T17:44:21.783Z" },
    { url = "https://pypi.tuna.tsinghua.edu.cn/packages/c4/a3/2f673ace4090452696ccded5f5f8efffb353b8f3628f823a110e0170b605/scipy-1.16.2-cp314-cp314t-macosx_14_0_arm64.whl", hash = "sha256:8afae1756f6a1fe04636407ef7dbece33d826a5d462b74f3d0eb82deabefd831", size = 21381326, upload-time = "2025-09-11T17:44:25.982Z" },
    { url = "https://pypi.tuna.tsinghua.edu.cn/packages/42/bf/59df61c5d51395066c35836b78136accf506197617c8662e60ea209881e1/scipy-1.16.2-cp314-cp314t-macosx_14_0_x86_64.whl", hash = "sha256:5c66511f29aa8d233388e7416a3f20d5cae7a2744d5cee2ecd38c081f4e861b3", size = 23915036, upload-time = "2025-09-11T17:44:30.527Z" },
    { url = "https://pypi.tuna.tsinghua.edu.cn/packages/91/c3/edc7b300dc16847ad3672f1a6f3f7c5d13522b21b84b81c265f4f2760d4a/scipy-1.16.2-cp314-cp314t-manylinux2014_aarch64.manylinux_2_17_aarch64.whl", hash = "sha256:efe6305aeaa0e96b0ccca5ff647a43737d9a092064a3894e46c414db84bc54ac", size = 33484341, upload-time = "2025-09-11T17:44:35.981Z" },
    { url = "https://pypi.tuna.tsinghua.edu.cn/packages/26/c7/24d1524e72f06ff141e8d04b833c20db3021020563272ccb1b83860082a9/scipy-1.16.2-cp314-cp314t-manylinux2014_x86_64.manylinux_2_17_x86_64.whl", hash = "sha256:7f3a337d9ae06a1e8d655ee9d8ecb835ea5ddcdcbd8d23012afa055ab014f374", size = 35790840, upload-time = "2025-09-11T17:44:41.76Z" },
    { url = "https://pypi.tuna.tsinghua.edu.cn/packages/aa/b7/5aaad984eeedd56858dc33d75efa59e8ce798d918e1033ef62d2708f2c3d/scipy-1.16.2-cp314-cp314t-musllinux_1_2_aarch64.whl", hash = "sha256:bab3605795d269067d8ce78a910220262711b753de8913d3deeaedb5dded3bb6", size = 36174716, upload-time = "2025-09-11T17:44:47.316Z" },
    { url = "https://pypi.tuna.tsinghua.edu.cn/packages/fd/c2/e276a237acb09824822b0ada11b028ed4067fdc367a946730979feacb870/scipy-1.16.2-cp314-cp314t-musllinux_1_2_x86_64.whl", hash = "sha256:b0348d8ddb55be2a844c518cd8cc8deeeb8aeba707cf834db5758fc89b476a2c", size = 38790088, upload-time = "2025-09-11T17:44:53.011Z" },
    { url = "https://pypi.tuna.tsinghua.edu.cn/packages/c6/b4/5c18a766e8353015439f3780f5fc473f36f9762edc1a2e45da3ff5a31b21/scipy-1.16.2-cp314-cp314t-win_amd64.whl", hash = "sha256:26284797e38b8a75e14ea6631d29bda11e76ceaa6ddb6fdebbfe4c4d90faf2f9", size = 39457455, upload-time = "2025-09-11T17:44:58.899Z" },
    { url = "https://pypi.tuna.tsinghua.edu.cn/packages/97/30/2f9a5243008f76dfc5dee9a53dfb939d9b31e16ce4bd4f2e628bfc5d89d2/scipy-1.16.2-cp314-cp314t-win_arm64.whl", hash = "sha256:d2a4472c231328d4de38d5f1f68fdd6d28a615138f842580a8a321b5845cf779", size = 26448374, upload-time = "2025-09-11T17:45:03.45Z" },
]

[[package]]
name = "sympy"
version = "1.14.0"
source = { registry = "https://pypi.tuna.tsinghua.edu.cn/simple" }
dependencies = [
    { name = "mpmath" },
]
sdist = { url = "https://pypi.tuna.tsinghua.edu.cn/packages/83/d3/803453b36afefb7c2bb238361cd4ae6125a569b4db67cd9e79846ba2d68c/sympy-1.14.0.tar.gz", hash = "sha256:d3d3fe8df1e5a0b42f0e7bdf50541697dbe7d23746e894990c030e2b05e72517", size = 7793921, upload-time = "2025-04-27T18:05:01.611Z" }
wheels = [
    { url = "https://pypi.tuna.tsinghua.edu.cn/packages/a2/09/77d55d46fd61b4a135c444fc97158ef34a095e5681d0a6c10b75bf356191/sympy-1.14.0-py3-none-any.whl", hash = "sha256:e091cc3e99d2141a0ba2847328f5479b05d94a6635cb96148ccb3f34671bd8f5", size = 6299353, upload-time = "2025-04-27T18:04:59.103Z" },
]
